# generated by rye
# use `rye lock` or `rye sync` to update this lockfile
#
# last locked with the following flags:
#   pre: false
#   features: []
#   all-features: false
#   with-sources: false
#   generate-hashes: false

-e file:.
ffmpy==0.3.2
    # via real-cugan-createmoviehelper
nuitka==2.3.11
    # via real-cugan-createmoviehelper
ordered-set==4.1.0
    # via nuitka
zstandard==0.22.0
    # via nuitka
    # via real-cugan-createmoviehelper
